{
    "name": "wizzi-cli",
    "version": "0.0.1",
    "lockfileVersion": 1,
    "requires": true,
    "dependencies": {
        "amdefine": {
            "version": "1.0.1",
            "resolved": "https://registry.npmjs.org/amdefine/-/amdefine-1.0.1.tgz",
            "integrity": "sha1-SlKCrBZHKek2Gbz9OtFR+BfOkfU=",
            "optional": true
        },
        "ansi-regex": {
            "version": "2.1.1",
            "resolved": "https://registry.npmjs.org/ansi-regex/-/ansi-regex-2.1.1.tgz",
            "integrity": "sha1-w7M6te42DYbg5ijwRorn7yfWVN8="
        },
        "ansi-styles": {
            "version": "2.2.1",
            "resolved": "https://registry.npmjs.org/ansi-styles/-/ansi-styles-2.2.1.tgz",
            "integrity": "sha1-tDLdM1i2NM914eRmQ2gkBTPB3b4="
        },
        "array-uniq": {
            "version": "1.0.2",
            "resolved": "https://registry.npmjs.org/array-uniq/-/array-uniq-1.0.2.tgz",
            "integrity": "sha1-X8w3OSB3VyPP1k1lxkvvU7+eum0="
        },
        "asap": {
            "version": "2.0.6",
            "resolved": "https://registry.npmjs.org/asap/-/asap-2.0.6.tgz",
            "integrity": "sha1-5QNHYR1+aQlDIIu9r+vLwvuGbUY="
        },
        "async": {
            "version": "2.6.2",
            "resolved": "https://registry.npmjs.org/async/-/async-2.6.2.tgz",
            "integrity": "sha512-H1qVYh1MYhEEFLsP97cVKqCGo7KfCyTt6uEWqsTBr9SO84oK9Uwbyd/yCW+6rKJLHksBNUVWZDAjfS+Ccx0Bbg==",
            "requires": {
                "lodash": "^4.17.11"
            }
        },
        "async-lock": {
            "version": "1.2.0",
            "resolved": "https://registry.npmjs.org/async-lock/-/async-lock-1.2.0.tgz",
            "integrity": "sha512-81HzTQm4+qMj6PwNlnR+y9g7pDdGGzd/YBUrQnHk+BhR28ja2qv497NkQQc1KcKEqh/RShm07di2b0cIWVFrNQ=="
        },
        "balanced-match": {
            "version": "1.0.0",
            "resolved": "https://registry.npmjs.org/balanced-match/-/balanced-match-1.0.0.tgz",
            "integrity": "sha1-ibTRmasr7kneFk6gK4nORi1xt2c="
        },
        "base64-js": {
            "version": "0.0.2",
            "resolved": "https://registry.npmjs.org/base64-js/-/base64-js-0.0.2.tgz",
            "integrity": "sha1-Ak8Pcq+iW3X5wO5zzU9V7Bvtl4Q="
        },
        "benchmark": {
            "version": "1.0.0",
            "resolved": "https://registry.npmjs.org/benchmark/-/benchmark-1.0.0.tgz",
            "integrity": "sha1-Lx4vpMNZ8REiqhgwgiGOlX45DHM="
        },
        "bops": {
            "version": "0.0.7",
            "resolved": "https://registry.npmjs.org/bops/-/bops-0.0.7.tgz",
            "integrity": "sha1-tKClqDmkBkVK8P4FqLkaenZqVOI=",
            "requires": {
                "base64-js": "0.0.2",
                "to-utf8": "0.0.1"
            }
        },
        "brace-expansion": {
            "version": "1.1.11",
            "resolved": "https://registry.npmjs.org/brace-expansion/-/brace-expansion-1.1.11.tgz",
            "integrity": "sha512-iCuPHDFgrHX7H2vEI/5xpz07zSHB00TpugqhmYtVmMO6518mCuRMoOYFldEBl0g187ufozdaHgWKcYFb61qGiA==",
            "requires": {
                "balanced-match": "^1.0.0",
                "concat-map": "0.0.1"
            }
        },
        "chalk": {
            "version": "1.1.3",
            "resolved": "https://registry.npmjs.org/chalk/-/chalk-1.1.3.tgz",
            "integrity": "sha1-qBFcVeSnAv5NFQq9OHKCKn4J/Jg=",
            "requires": {
                "ansi-styles": "^2.2.1",
                "escape-string-regexp": "^1.0.2",
                "has-ansi": "^2.0.0",
                "strip-ansi": "^3.0.0",
                "supports-color": "^2.0.0"
            }
        },
        "clean-git-ref": {
            "version": "1.0.3",
            "resolved": "https://registry.npmjs.org/clean-git-ref/-/clean-git-ref-1.0.3.tgz",
            "integrity": "sha1-UyXcg56rAcl0rg6X9XNHgnUPiOw="
        },
        "co": {
            "version": "4.6.0",
            "resolved": "https://registry.npmjs.org/co/-/co-4.6.0.tgz",
            "integrity": "sha1-bqa989hTrlTMuOR7+gvz+QMfsYQ="
        },
        "concat-map": {
            "version": "0.0.1",
            "resolved": "https://registry.npmjs.org/concat-map/-/concat-map-0.0.1.tgz",
            "integrity": "sha1-2Klr13/Wjfd5OnMDajug1UBdR3s="
        },
        "core-js": {
            "version": "2.3.0",
            "resolved": "https://registry.npmjs.org/core-js/-/core-js-2.3.0.tgz",
            "integrity": "sha1-+rg/uwstjchfpjbEudNMdUIMbWU="
        },
        "core-util-is": {
            "version": "1.0.2",
            "resolved": "https://registry.npmjs.org/core-util-is/-/core-util-is-1.0.2.tgz",
            "integrity": "sha1-tf1UIgqivFq1eqtxQMlAdUUDwac="
        },
        "crc-32": {
            "version": "1.2.0",
            "resolved": "https://registry.npmjs.org/crc-32/-/crc-32-1.2.0.tgz",
            "integrity": "sha512-1uBwHxF+Y/4yF5G48fwnKq6QsIXheor3ZLPT80yGBV1oEUwpPojlEhQbWKVw1VwcTQyMGHK1/XMmTjmlsmTTGA==",
            "requires": {
                "exit-on-epipe": "~1.0.1",
                "printj": "~1.1.0"
            }
        },
        "decompress-response": {
            "version": "3.3.0",
            "resolved": "https://registry.npmjs.org/decompress-response/-/decompress-response-3.3.0.tgz",
            "integrity": "sha1-gKTdMjdIOEv6JICDYirt7Jgq3/M=",
            "requires": {
                "mimic-response": "^1.0.0"
            }
        },
        "deep-is": {
            "version": "0.1.3",
            "resolved": "https://registry.npmjs.org/deep-is/-/deep-is-0.1.3.tgz",
            "integrity": "sha1-s2nW+128E+7PUk+RsHD+7cNXzzQ="
        },
        "diff": {
            "version": "2.2.3",
            "resolved": "https://registry.npmjs.org/diff/-/diff-2.2.3.tgz",
            "integrity": "sha1-YOr9DSjukG5Oj/ClLBIpUhAzv5k="
        },
        "diff-lines": {
            "version": "1.1.0",
            "resolved": "https://registry.npmjs.org/diff-lines/-/diff-lines-1.1.0.tgz",
            "integrity": "sha1-S72SVxPgJ0d7zUIIG2hEkUexlkg=",
            "requires": {
                "diff": "^2.2.3"
            }
        },
        "es6-promise": {
            "version": "3.0.2",
            "resolved": "https://registry.npmjs.org/es6-promise/-/es6-promise-3.0.2.tgz",
            "integrity": "sha1-AQ1YWEI6XxGJeWZfRkhqlcbuK7Y="
        },
        "escape-string-regexp": {
            "version": "1.0.5",
            "resolved": "https://registry.npmjs.org/escape-string-regexp/-/escape-string-regexp-1.0.5.tgz",
            "integrity": "sha1-G2HAViGQqN/2rjuyzwIAyhMLhtQ="
        },
        "escodegen": {
            "version": "1.11.1",
            "resolved": "https://registry.npmjs.org/escodegen/-/escodegen-1.11.1.tgz",
            "integrity": "sha512-JwiqFD9KdGVVpeuRa68yU3zZnBEOcPs0nKW7wZzXky8Z7tffdYUHbe11bPCV5jYlK6DVdKLWLm0f5I/QlL0Kmw==",
            "requires": {
                "esprima": "^3.1.3",
                "estraverse": "^4.2.0",
                "esutils": "^2.0.2",
                "optionator": "^0.8.1",
                "source-map": "~0.6.1"
            }
        },
        "esprima": {
            "version": "3.1.3",
            "resolved": "https://registry.npmjs.org/esprima/-/esprima-3.1.3.tgz",
            "integrity": "sha1-/cpRzuYTOJXjyI1TXOSdv/YqRjM="
        },
        "estraverse": {
            "version": "4.2.0",
            "resolved": "https://registry.npmjs.org/estraverse/-/estraverse-4.2.0.tgz",
            "integrity": "sha1-De4/7TH81GlhjOc0IJn8GvoL2xM="
        },
        "esutils": {
            "version": "2.0.2",
            "resolved": "https://registry.npmjs.org/esutils/-/esutils-2.0.2.tgz",
            "integrity": "sha1-Cr9PHKpbyx96nYrMbepPqqBLrJs="
        },
        "exit-on-epipe": {
            "version": "1.0.1",
            "resolved": "https://registry.npmjs.org/exit-on-epipe/-/exit-on-epipe-1.0.1.tgz",
            "integrity": "sha512-h2z5mrROTxce56S+pnvAV890uu7ls7f1kEvVGJbw1OlFH3/mlJ5bkXu0KRyW94v37zzHPiUd55iLn3DA7TjWpw=="
        },
        "extsprintf": {
            "version": "1.4.0",
            "resolved": "https://registry.npmjs.org/extsprintf/-/extsprintf-1.4.0.tgz",
            "integrity": "sha1-4mifjzVvrWLMplo6kcXfX5VRaS8="
        },
        "fast-levenshtein": {
            "version": "2.0.6",
            "resolved": "https://registry.npmjs.org/fast-levenshtein/-/fast-levenshtein-2.0.6.tgz",
            "integrity": "sha1-PYpcZog6FqMMqGQ+hR8Zuqd5eRc="
        },
        "fs-extra": {
            "version": "7.0.1",
            "resolved": "https://registry.npmjs.org/fs-extra/-/fs-extra-7.0.1.tgz",
            "integrity": "sha512-YJDaCJZEnBmcbw13fvdAM9AwNOJwOzrE4pqMqBq5nFiEqXUqHwlK4B+3pUw6JNvfSPtX05xFHtYy/1ni01eGCw==",
            "requires": {
                "graceful-fs": "^4.1.2",
                "jsonfile": "^4.0.0",
                "universalify": "^0.1.0"
            }
        },
        "fs.realpath": {
            "version": "1.0.0",
            "resolved": "https://registry.npmjs.org/fs.realpath/-/fs.realpath-1.0.0.tgz",
            "integrity": "sha1-FQStJSMVjKpA20onh8sBQRmU6k8="
        },
        "git-apply-delta": {
            "version": "0.0.7",
            "resolved": "https://registry.npmjs.org/git-apply-delta/-/git-apply-delta-0.0.7.tgz",
            "integrity": "sha1-+3auFEVA15RAtSsx3gPmPJk8chk=",
            "requires": {
                "bops": "~0.0.6",
                "varint": "0.0.3"
            }
        },
        "glob": {
            "version": "7.1.3",
            "resolved": "https://registry.npmjs.org/glob/-/glob-7.1.3.tgz",
            "integrity": "sha512-vcfuiIxogLV4DlGBHIUOwI0IbrJ8HWPc4MU7HzviGeNho/UJDfi6B5p3sHeWIQ0KGIU0Jpxi5ZHxemQfLkkAwQ==",
            "requires": {
                "fs.realpath": "^1.0.0",
                "inflight": "^1.0.4",
                "inherits": "2",
                "minimatch": "^3.0.4",
                "once": "^1.3.0",
                "path-is-absolute": "^1.0.0"
            }
        },
        "globalyzer": {
            "version": "0.1.4",
            "resolved": "https://registry.npmjs.org/globalyzer/-/globalyzer-0.1.4.tgz",
            "integrity": "sha512-LeguVWaxgHN0MNbWC6YljNMzHkrCny9fzjmEUdnF1kQ7wATFD1RHFRqA1qxaX2tgxGENlcxjOflopBwj3YZiXA=="
        },
        "globrex": {
            "version": "0.1.2",
            "resolved": "https://registry.npmjs.org/globrex/-/globrex-0.1.2.tgz",
            "integrity": "sha512-uHJgbwAMwNFf5mLst7IWLNg14x1CkeqglJb/K3doi4dw6q2IvAAmM/Y81kevy83wP+Sst+nutFTYOGg3d1lsxg=="
        },
        "graceful-fs": {
            "version": "4.1.15",
            "resolved": "https://registry.npmjs.org/graceful-fs/-/graceful-fs-4.1.15.tgz",
            "integrity": "sha512-6uHUhOPEBgQ24HM+r6b/QwWfZq+yiFcipKFrOFiBEnWdy5sdzYoi+pJeQaPI5qOLRFqWmAXUPQNsielzdLoecA=="
        },
        "has-ansi": {
            "version": "2.0.0",
            "resolved": "https://registry.npmjs.org/has-ansi/-/has-ansi-2.0.0.tgz",
            "integrity": "sha1-NPUEnOHs3ysGSa8+8k5F7TVBbZE=",
            "requires": {
                "ansi-regex": "^2.0.0"
            }
        },
        "hashids": {
            "version": "1.2.2",
            "resolved": "https://registry.npmjs.org/hashids/-/hashids-1.2.2.tgz",
            "integrity": "sha512-dEHCG2LraR6PNvSGxosZHIRgxF5sNLOIBFEHbj8lfP9WWmu/PWPMzsip1drdVSOFi51N2pU7gZavrgn7sbGFuw=="
        },
        "i": {
            "version": "0.3.6",
            "resolved": "https://registry.npmjs.org/i/-/i-0.3.6.tgz",
            "integrity": "sha1-2WyScyB28HJxG2sQ/X1PZa2O4j0="
        },
        "iconv-lite": {
            "version": "0.4.24",
            "resolved": "https://registry.npmjs.org/iconv-lite/-/iconv-lite-0.4.24.tgz",
            "integrity": "sha512-v3MXnZAcvnywkTUEZomIActle7RXXeedOR31wwl7VlyoXO4Qi9arvSenNQWne1TcRwhCL1HwLI21bEqdpj8/rA==",
            "requires": {
                "safer-buffer": ">= 2.1.2 < 3"
            }
        },
        "ignore": {
            "version": "5.0.6",
            "resolved": "https://registry.npmjs.org/ignore/-/ignore-5.0.6.tgz",
            "integrity": "sha512-/+hp3kUf/Csa32ktIaj0OlRqQxrgs30n62M90UBpNd9k+ENEch5S+hmbW3DtcJGz3sYFTh4F3A6fQ0q7KWsp4w=="
        },
        "immediate": {
            "version": "3.0.6",
            "resolved": "https://registry.npmjs.org/immediate/-/immediate-3.0.6.tgz",
            "integrity": "sha1-nbHb0Pr43m++D13V5Wu2BigN5ps="
        },
        "inflight": {
            "version": "1.0.6",
            "resolved": "https://registry.npmjs.org/inflight/-/inflight-1.0.6.tgz",
            "integrity": "sha1-Sb1jMdfQLQwJvJEKEHW6gWW1bfk=",
            "requires": {
                "once": "^1.3.0",
                "wrappy": "1"
            }
        },
        "inherits": {
            "version": "2.0.3",
            "resolved": "https://registry.npmjs.org/inherits/-/inherits-2.0.3.tgz",
            "integrity": "sha1-Yzwsg+PaQqUC9SRmAiSA9CCCYd4="
        },
        "isarray": {
            "version": "1.0.0",
            "resolved": "https://registry.npmjs.org/isarray/-/isarray-1.0.0.tgz",
            "integrity": "sha1-u5NdSFgsuhaMBoNJV6VKPgcSTxE="
        },
        "isomorphic-git": {
            "version": "0.51.12",
            "resolved": "https://registry.npmjs.org/isomorphic-git/-/isomorphic-git-0.51.12.tgz",
            "integrity": "sha512-OyFOfipSZyuNCsthmyzZIwW2867oyp/pgMnh3xEPIN5frgvbeoOxN4dRoyGYWztjXgPYU7JoeLzjQ2vlZ8+ARw==",
            "requires": {
                "async-lock": "^1.1.0",
                "clean-git-ref": "1.0.3",
                "crc-32": "^1.2.0",
                "diff-lines": "^1.1.0",
                "git-apply-delta": "0.0.7",
                "globalyzer": "^0.1.0",
                "globrex": "^0.1.2",
                "ignore": "^5.0.4",
                "marky": "^1.2.1",
                "minimisted": "^2.0.0",
                "nick": "^0.1.3",
                "pako": "^1.0.7",
                "pify": "^4.0.1",
                "readable-stream": "^3.1.1",
                "sha.js": "^2.4.9",
                "simple-get": "^3.0.2"
            }
        },
        "json-stringify-safe": {
            "version": "5.0.1",
            "resolved": "https://registry.npmjs.org/json-stringify-safe/-/json-stringify-safe-5.0.1.tgz",
            "integrity": "sha1-Epai1Y/UXxmg9s4B1lcB4sc1tus="
        },
        "jsonfile": {
            "version": "4.0.0",
            "resolved": "https://registry.npmjs.org/jsonfile/-/jsonfile-4.0.0.tgz",
            "integrity": "sha1-h3Gq4HmbZAdrdmQPygWPnBDjPss=",
            "requires": {
                "graceful-fs": "^4.1.6"
            }
        },
        "jszip": {
            "version": "3.1.3",
            "resolved": "https://registry.npmjs.org/jszip/-/jszip-3.1.3.tgz",
            "integrity": "sha1-ipIEA7KxZRwPwSa+kBktkICVfDc=",
            "requires": {
                "core-js": "~2.3.0",
                "es6-promise": "~3.0.2",
                "lie": "~3.1.0",
                "pako": "~1.0.2",
                "readable-stream": "~2.0.6"
            },
            "dependencies": {
                "readable-stream": {
                    "version": "2.0.6",
                    "resolved": "https://registry.npmjs.org/readable-stream/-/readable-stream-2.0.6.tgz",
                    "integrity": "sha1-j5A0HmilPMySh4jaz80Rs265t44=",
                    "requires": {
                        "core-util-is": "~1.0.0",
                        "inherits": "~2.0.1",
                        "isarray": "~1.0.0",
                        "process-nextick-args": "~1.0.6",
                        "string_decoder": "~0.10.x",
                        "util-deprecate": "~1.0.1"
                    }
                },
                "string_decoder": {
                    "version": "0.10.31",
                    "resolved": "https://registry.npmjs.org/string_decoder/-/string_decoder-0.10.31.tgz",
                    "integrity": "sha1-YuIDvEF2bGwoyfyEMB2rHFMQ+pQ="
                }
            }
        },
        "levn": {
            "version": "0.3.0",
            "resolved": "https://registry.npmjs.org/levn/-/levn-0.3.0.tgz",
            "integrity": "sha1-OwmSTt+fCDwEkP3UwLxEIeBHZO4=",
            "requires": {
                "prelude-ls": "~1.1.2",
                "type-check": "~0.3.2"
            }
        },
        "lie": {
            "version": "3.1.1",
            "resolved": "https://registry.npmjs.org/lie/-/lie-3.1.1.tgz",
            "integrity": "sha1-mkNrLMd0bKWd56QfpGmz77dr2H4=",
            "requires": {
                "immediate": "~3.0.5"
            }
        },
        "lodash": {
            "version": "4.17.11",
            "resolved": "https://registry.npmjs.org/lodash/-/lodash-4.17.11.tgz",
            "integrity": "sha512-cQKh8igo5QUhZ7lg38DYWAxMvjSAKG0A8wGSVimP07SIUEK2UO+arSRKbRZWtelMtN5V0Hkwh5ryOto/SshYIg=="
        },
        "marky": {
            "version": "1.2.1",
            "resolved": "https://registry.npmjs.org/marky/-/marky-1.2.1.tgz",
            "integrity": "sha512-md9k+Gxa3qLH6sUKpeC2CNkJK/Ld+bEz5X96nYwloqphQE0CKCVEKco/6jxEZixinqNdz5RFi/KaCyfbMDMAXQ=="
        },
        "mimic-response": {
            "version": "1.0.1",
            "resolved": "https://registry.npmjs.org/mimic-response/-/mimic-response-1.0.1.tgz",
            "integrity": "sha512-j5EctnkH7amfV/q5Hgmoal1g2QHFJRraOtmx0JpIqkxhBhI/lJSl1nMpQ45hVarwNETOoWEimndZ4QK0RHxuxQ=="
        },
        "minimatch": {
            "version": "3.0.4",
            "resolved": "https://registry.npmjs.org/minimatch/-/minimatch-3.0.4.tgz",
            "integrity": "sha512-yJHVQEhyqPLUTgt9B83PXu6W3rx4MvvHvSUvToogpwoGDOUQ+yDrR0HRot+yOCdCO7u4hX3pWft6kWBBcqh0UA==",
            "requires": {
                "brace-expansion": "^1.1.7"
            }
        },
        "minimist": {
            "version": "1.2.0",
            "resolved": "https://registry.npmjs.org/minimist/-/minimist-1.2.0.tgz",
            "integrity": "sha1-o1AIsg9BOD7sH7kU9M1d95omQoQ="
        },
        "minimisted": {
            "version": "2.0.0",
            "resolved": "https://registry.npmjs.org/minimisted/-/minimisted-2.0.0.tgz",
            "integrity": "sha512-oP88Dw3LK/pdrKyMdlbmg3W50969UNr4ctISzJfPl+YPYHTAOrS+dihXnsgRNKSRIzDsrnV3eE2CCVlZbpOKdQ==",
            "requires": {
                "minimist": "^1.2.0"
            }
        },
        "nick": {
            "version": "0.1.3",
            "resolved": "https://registry.npmjs.org/nick/-/nick-0.1.3.tgz",
            "integrity": "sha1-2KMLfaeJ1BfguqVDfzPEh76bYCA=",
            "requires": {
                "benchmark": "^1.0.0"
            }
        },
        "once": {
            "version": "1.4.0",
            "resolved": "https://registry.npmjs.org/once/-/once-1.4.0.tgz",
            "integrity": "sha1-WDsap3WWHUsROsF9nFC6753Xa9E=",
            "requires": {
                "wrappy": "1"
            }
        },
        "optionator": {
            "version": "0.8.2",
            "resolved": "https://registry.npmjs.org/optionator/-/optionator-0.8.2.tgz",
            "integrity": "sha1-NkxeQJ0/TWMB1sC0wFu6UBgK62Q=",
            "requires": {
                "deep-is": "~0.1.3",
                "fast-levenshtein": "~2.0.4",
                "levn": "~0.3.0",
                "prelude-ls": "~1.1.2",
                "type-check": "~0.3.2",
                "wordwrap": "~1.0.0"
            }
        },
        "pako": {
            "version": "1.0.10",
            "resolved": "https://registry.npmjs.org/pako/-/pako-1.0.10.tgz",
            "integrity": "sha512-0DTvPVU3ed8+HNXOu5Bs+o//Mbdj9VNQMUOe9oKCwh8l0GNwpTDMKCWbRjgtD291AWnkAgkqA/LOnQS8AmS1tw=="
        },
        "path-is-absolute": {
            "version": "1.0.1",
            "resolved": "https://registry.npmjs.org/path-is-absolute/-/path-is-absolute-1.0.1.tgz",
            "integrity": "sha1-F0uSaHNVNP+8es5r9TpanhtcX18="
        },
        "pify": {
            "version": "4.0.1",
            "resolved": "https://registry.npmjs.org/pify/-/pify-4.0.1.tgz",
            "integrity": "sha512-uB80kBFb/tfd68bVleG9T5GGsGPjJrLAUpR5PZIrhBnIaRTQRjqdJSsIKkOP6OAIFbj7GOrcudc5pNjZ+geV2g=="
        },
        "prelude-ls": {
            "version": "1.1.2",
            "resolved": "https://registry.npmjs.org/prelude-ls/-/prelude-ls-1.1.2.tgz",
            "integrity": "sha1-IZMqVJ9eUv/ZqCf1cOBL5iqX2lQ="
        },
        "printj": {
            "version": "1.1.2",
            "resolved": "https://registry.npmjs.org/printj/-/printj-1.1.2.tgz",
            "integrity": "sha512-zA2SmoLaxZyArQTOPj5LXecR+RagfPSU5Kw1qP+jkWeNlrq+eJZyY2oS68SU1Z/7/myXM4lo9716laOFAVStCQ=="
        },
        "process-nextick-args": {
            "version": "1.0.7",
            "resolved": "https://registry.npmjs.org/process-nextick-args/-/process-nextick-args-1.0.7.tgz",
            "integrity": "sha1-FQ4gt1ZZCtP5EJPyWk8q2L/zC6M="
        },
        "promise": {
            "version": "7.3.1",
            "resolved": "https://registry.npmjs.org/promise/-/promise-7.3.1.tgz",
            "integrity": "sha512-nolQXZ/4L+bP/UGlkfaIujX9BKxGwmQ9OT4mOt5yvy8iK1h3wqTEJCijzGANTCCl9nWjY41juyAn2K3Q1hLLTg==",
            "requires": {
                "asap": "~2.0.3"
            }
        },
        "randomstring": {
            "version": "1.1.5",
            "resolved": "https://registry.npmjs.org/randomstring/-/randomstring-1.1.5.tgz",
            "integrity": "sha1-bfBij3XL1ZMpMNn+OrTpVqGFGMM=",
            "requires": {
                "array-uniq": "1.0.2"
            }
        },
        "readable-stream": {
            "version": "3.2.0",
            "resolved": "https://registry.npmjs.org/readable-stream/-/readable-stream-3.2.0.tgz",
            "integrity": "sha512-RV20kLjdmpZuTF1INEb9IA3L68Nmi+Ri7ppZqo78wj//Pn62fCoJyV9zalccNzDD/OuJpMG4f+pfMl8+L6QdGw==",
            "requires": {
                "inherits": "^2.0.3",
                "string_decoder": "^1.1.1",
                "util-deprecate": "^1.0.1"
            }
        },
        "safe-buffer": {
            "version": "5.1.2",
            "resolved": "https://registry.npmjs.org/safe-buffer/-/safe-buffer-5.1.2.tgz",
            "integrity": "sha512-Gd2UZBJDkXlY7GbJxfsE8/nvKkUEU1G38c1siN6QP6a9PT9MmHB8GnpscSmMJSoF8LOIrt8ud/wPtojys4G6+g=="
        },
        "safer-buffer": {
            "version": "2.1.2",
            "resolved": "https://registry.npmjs.org/safer-buffer/-/safer-buffer-2.1.2.tgz",
            "integrity": "sha512-YZo3K82SD7Riyi0E1EQPojLz7kpepnSQI9IyPbHHg1XXXevb5dJI7tpyN2ADxGcQbHG7vcyRHk0cbwqcQriUtg=="
        },
        "sha.js": {
            "version": "2.4.11",
            "resolved": "https://registry.npmjs.org/sha.js/-/sha.js-2.4.11.tgz",
            "integrity": "sha512-QMEp5B7cftE7APOjk5Y6xgrbWu+WkLVQwk8JNjZ8nKRciZaByEW6MubieAiToS7+dwvrjGhH8jRXz3MVd0AYqQ==",
            "requires": {
                "inherits": "^2.0.1",
                "safe-buffer": "^5.0.1"
            }
        },
        "simple-concat": {
            "version": "1.0.0",
            "resolved": "https://registry.npmjs.org/simple-concat/-/simple-concat-1.0.0.tgz",
            "integrity": "sha1-c0TLuLbib7J9ZrL8hvn21Zl1IcY="
        },
        "simple-get": {
            "version": "3.0.3",
            "resolved": "https://registry.npmjs.org/simple-get/-/simple-get-3.0.3.tgz",
            "integrity": "sha512-Wvre/Jq5vgoz31Z9stYWPLn0PqRqmBDpFSdypAnHu5AvRVCYPRYGnvryNLiXu8GOBNDH82J2FRHUGMjjHUpXFw==",
            "requires": {
                "decompress-response": "^3.3.0",
                "once": "^1.3.1",
                "simple-concat": "^1.0.0"
            }
        },
        "source-map": {
            "version": "0.6.1",
            "resolved": "https://registry.npmjs.org/source-map/-/source-map-0.6.1.tgz",
            "integrity": "sha512-UjgapumWlbMhkBgzT7Ykc5YXUT46F0iKu8SGXq0bcwP5dz/h0Plj6enJqjz1Zbq2l5WaqYnrVbwWOWMyF3F47g==",
            "optional": true
        },
        "string_decoder": {
            "version": "1.2.0",
            "resolved": "https://registry.npmjs.org/string_decoder/-/string_decoder-1.2.0.tgz",
            "integrity": "sha512-6YqyX6ZWEYguAxgZzHGL7SsCeGx3V2TtOTqZz1xSTSWnqsbWwbptafNyvf/ACquZUXV3DANr5BDIwNYe1mN42w==",
            "requires": {
                "safe-buffer": "~5.1.0"
            }
        },
        "strip-ansi": {
            "version": "3.0.1",
            "resolved": "https://registry.npmjs.org/strip-ansi/-/strip-ansi-3.0.1.tgz",
            "integrity": "sha1-ajhfuIU9lS1f8F0Oiq+UJ43GPc8=",
            "requires": {
                "ansi-regex": "^2.0.0"
            }
        },
        "supports-color": {
            "version": "2.0.0",
            "resolved": "https://registry.npmjs.org/supports-color/-/supports-color-2.0.0.tgz",
            "integrity": "sha1-U10EXOa2Nj+kARcIRimZXp3zJMc="
        },
        "to-utf8": {
            "version": "0.0.1",
            "resolved": "https://registry.npmjs.org/to-utf8/-/to-utf8-0.0.1.tgz",
            "integrity": "sha1-0Xrqcv8vujm55DYBvns/9y4ImFI="
        },
        "type-check": {
            "version": "0.3.2",
            "resolved": "https://registry.npmjs.org/type-check/-/type-check-0.3.2.tgz",
            "integrity": "sha1-WITKtRLPHTVeP7eE8wgEsrUg23I=",
            "requires": {
                "prelude-ls": "~1.1.2"
            }
        },
        "universalify": {
            "version": "0.1.2",
            "resolved": "https://registry.npmjs.org/universalify/-/universalify-0.1.2.tgz",
            "integrity": "sha512-rBJeI5CXAlmy1pV+617WB9J63U6XcazHHF2f2dbJix4XzpUF0RS3Zbj0FGIOCAva5P/d/GBOYaACQ1w+0azUkg=="
        },
        "util-deprecate": {
            "version": "1.0.2",
            "resolved": "https://registry.npmjs.org/util-deprecate/-/util-deprecate-1.0.2.tgz",
            "integrity": "sha1-RQ1Nyfpw3nMnYvvS1KKJgUGaDM8="
        },
        "varint": {
            "version": "0.0.3",
            "resolved": "https://registry.npmjs.org/varint/-/varint-0.0.3.tgz",
            "integrity": "sha1-uCHemwSzizzSL3LBjZSp+3KrNRg="
        },
        "wizzi": {
            "version": "0.6.13",
            "resolved": "https://registry.npmjs.org/wizzi/-/wizzi-0.6.13.tgz",
            "integrity": "sha512-5eg0IkZZDip1tXPQ3ErwiA6jLVwULlvCrv/L032asNylFKRyhVeiBDbg5kWWvYKjlO1YJaRWfP1ywpggAS2Xkg==",
            "requires": {
                "async": "^2.1.5",
                "chalk": "^1.1.3",
                "extsprintf": "^1.2.0",
                "iconv-lite": "^0.4.15",
                "json-stringify-safe": "^5.0.1",
                "lodash": "^4.17.4",
                "wizzi-mtree": "0.6.8",
                "wizzi-repo": "0.6.10",
                "wizzi-utils": "0.6.10"
            }
        },
        "wizzi-core": {
            "version": "0.6.9",
            "resolved": "https://registry.npmjs.org/wizzi-core/-/wizzi-core-0.6.9.tgz",
            "integrity": "sha512-pxadtFtKn0lrXpGx+yAn2A5tkI1XX95fWDG2ZmwAQzyjnf1eDd6yCemUUM2xvWA89S/xXUWeb2vb3fjJ6vMJOQ==",
            "requires": {
                "async": "^2.1.5",
                "chalk": "^1.1.3",
                "i": "^0.3.5",
                "iconv-lite": "^0.4.15",
                "json-stringify-safe": "^5.0.1",
                "lodash": "^4.17.4",
                "wizzi-legacy-v5": "^0.6.6",
                "wizzi-mtree": "^0.6.8",
                "wizzi-utils": "^0.6.10"
            },
            "dependencies": {
                "wizzi-mtree": {
                    "version": "0.6.8",
                    "resolved": "https://registry.npmjs.org/wizzi-mtree/-/wizzi-mtree-0.6.8.tgz",
                    "integrity": "sha512-oiFtY5LqRlphRVp72zOliwnaimQibmtuLNhi8V+GHVfcDBkblaLR6kS3bVdZT+TCvrOCSSWSjpZF7x44gBzFqw==",
                    "requires": {
                        "async": "^2.1.5",
                        "chalk": "^1.1.3",
                        "escodegen": "^1.8.1",
                        "esprima": "^3.1.3",
                        "glob": "^7.1.2",
                        "i": "^0.3.5",
                        "iconv-lite": "^0.4.15",
                        "json-stringify-safe": "^5.0.1",
                        "lodash": "^4.17.4",
                        "promise": "^7.1.1",
                        "wizzi-utils": "^0.6.10"
                    }
                },
                "wizzi-utils": {
                    "version": "0.6.10",
                    "resolved": "https://registry.npmjs.org/wizzi-utils/-/wizzi-utils-0.6.10.tgz",
                    "integrity": "sha512-8NobZ3uVoA5NU6UF4fdM7yRMixFPtypbul5HEi85W3+2SsUh6KUchNKAJIfpxScfmp5Jzhx9iLpdNoUOm1WAjw==",
                    "requires": {
                        "async": "^2.1.5",
                        "chalk": "^1.1.3",
                        "extsprintf": "^1.2.0",
                        "fs-extra": "^7.0.1",
                        "glob": "^7.1.2",
                        "graceful-fs": "^4.1.11",
                        "hashids": "^1.2.2",
                        "i": "^0.3.5",
                        "iconv-lite": "^0.4.15",
                        "isomorphic-git": "^0.51.12",
                        "json-stringify-safe": "^5.0.1",
                        "lodash": "^4.17.4",
                        "promise": "^7.1.1",
                        "randomstring": "^1.1.5"
                    }
                }
            }
        },
        "wizzi-js": {
            "version": "0.6.9",
            "resolved": "https://registry.npmjs.org/wizzi-js/-/wizzi-js-0.6.9.tgz",
            "integrity": "sha512-G86zNCBR1OTdPOjLk5/5mVsF71Hu8Zs5imwM1+mUyVgXcxHQT3cCvXCzH8ROS71n/QiU8xWpHCEhmEBafX+16w==",
            "requires": {
                "async": "^2.1.5",
                "chalk": "^1.1.3",
                "i": "^0.3.5",
                "iconv-lite": "^0.4.15",
                "json-stringify-safe": "^5.0.1",
                "lodash": "^4.17.4",
                "wizzi-mtree": "^0.6.8",
                "wizzi-utils": "^0.6.10"
            },
            "dependencies": {
                "wizzi-mtree": {
                    "version": "0.6.8",
                    "resolved": "https://registry.npmjs.org/wizzi-mtree/-/wizzi-mtree-0.6.8.tgz",
                    "integrity": "sha512-oiFtY5LqRlphRVp72zOliwnaimQibmtuLNhi8V+GHVfcDBkblaLR6kS3bVdZT+TCvrOCSSWSjpZF7x44gBzFqw==",
                    "requires": {
                        "async": "^2.1.5",
                        "chalk": "^1.1.3",
                        "escodegen": "^1.8.1",
                        "esprima": "^3.1.3",
                        "glob": "^7.1.2",
                        "i": "^0.3.5",
                        "iconv-lite": "^0.4.15",
                        "json-stringify-safe": "^5.0.1",
                        "lodash": "^4.17.4",
                        "promise": "^7.1.1",
                        "wizzi-utils": "^0.6.10"
                    }
                },
                "wizzi-utils": {
                    "version": "0.6.10",
                    "resolved": "https://registry.npmjs.org/wizzi-utils/-/wizzi-utils-0.6.10.tgz",
                    "integrity": "sha512-8NobZ3uVoA5NU6UF4fdM7yRMixFPtypbul5HEi85W3+2SsUh6KUchNKAJIfpxScfmp5Jzhx9iLpdNoUOm1WAjw==",
                    "requires": {
                        "async": "^2.1.5",
                        "chalk": "^1.1.3",
                        "extsprintf": "^1.2.0",
                        "fs-extra": "^7.0.1",
                        "glob": "^7.1.2",
                        "graceful-fs": "^4.1.11",
                        "hashids": "^1.2.2",
                        "i": "^0.3.5",
                        "iconv-lite": "^0.4.15",
                        "isomorphic-git": "^0.51.12",
                        "json-stringify-safe": "^5.0.1",
                        "lodash": "^4.17.4",
                        "promise": "^7.1.1",
                        "randomstring": "^1.1.5"
                    }
                }
            }
        },
        "wizzi-legacy-v5": {
            "version": "0.6.6",
            "resolved": "https://registry.npmjs.org/wizzi-legacy-v5/-/wizzi-legacy-v5-0.6.6.tgz",
            "integrity": "sha512-HrThd0rk9BV2ayeF/eFdpWKT+ZCa7IqoDB8bF7p90UZ0KGgHnnmX5G5Iut/wX2COEzZ1pecEeRuRZgLTw/PYNg==",
            "requires": {
                "async": "^2.1.5",
                "chalk": "^1.1.3",
                "iconv-lite": "^0.4.15",
                "json-stringify-safe": "^5.0.1",
                "lodash": "^4.17.4"
            }
        },
        "wizzi-mtree": {
            "version": "0.6.8",
            "resolved": "https://registry.npmjs.org/wizzi-mtree/-/wizzi-mtree-0.6.8.tgz",
            "integrity": "sha512-oiFtY5LqRlphRVp72zOliwnaimQibmtuLNhi8V+GHVfcDBkblaLR6kS3bVdZT+TCvrOCSSWSjpZF7x44gBzFqw==",
            "requires": {
                "async": "^2.1.5",
                "chalk": "^1.1.3",
                "escodegen": "^1.8.1",
                "esprima": "^3.1.3",
                "glob": "^7.1.2",
                "i": "^0.3.5",
                "iconv-lite": "^0.4.15",
                "json-stringify-safe": "^5.0.1",
                "lodash": "^4.17.4",
                "promise": "^7.1.1",
                "wizzi-utils": "^0.6.10"
            },
            "dependencies": {
                "wizzi-utils": {
                    "version": "0.6.10",
                    "resolved": "https://registry.npmjs.org/wizzi-utils/-/wizzi-utils-0.6.10.tgz",
                    "integrity": "sha512-8NobZ3uVoA5NU6UF4fdM7yRMixFPtypbul5HEi85W3+2SsUh6KUchNKAJIfpxScfmp5Jzhx9iLpdNoUOm1WAjw==",
                    "requires": {
                        "async": "^2.1.5",
                        "chalk": "^1.1.3",
                        "extsprintf": "^1.2.0",
                        "fs-extra": "^7.0.1",
                        "glob": "^7.1.2",
                        "graceful-fs": "^4.1.11",
                        "hashids": "^1.2.2",
                        "i": "^0.3.5",
                        "iconv-lite": "^0.4.15",
                        "isomorphic-git": "^0.51.12",
                        "json-stringify-safe": "^5.0.1",
                        "lodash": "^4.17.4",
                        "promise": "^7.1.1",
                        "randomstring": "^1.1.5"
                    }
                }
            }
        },
        "wizzi-repo": {
            "version": "0.6.10",
            "resolved": "https://registry.npmjs.org/wizzi-repo/-/wizzi-repo-0.6.10.tgz",
            "integrity": "sha512-Tiz/8EjG3C9GOrGR6afmKSwq7NjsLjiNEgcxfG/ZghVdJ1gJCvNLXueW0c0Ar1maUoe8pz/fIGbB+9ShE48ZxQ==",
            "requires": {
                "async": "^2.1.5",
                "chalk": "^1.1.3",
                "co": "4.6.0",
                "escodegen": "1.8.1",
                "esprima": "3.1.3",
                "fs-extra": "2.0.0",
                "glob": "7.1.2",
                "i": "0.3.5",
                "iconv-lite": "^0.4.15",
                "json-stringify-safe": "^5.0.1",
                "jszip": "3.1.3",
                "lodash": "^4.17.4",
                "minimatch": "3.0.4",
                "promise": "7.1.1",
                "wizzi-utils": "^0.6.10"
            },
            "dependencies": {
                "escodegen": {
                    "version": "1.8.1",
                    "resolved": "https://registry.npmjs.org/escodegen/-/escodegen-1.8.1.tgz",
                    "integrity": "sha1-WltTr0aTEQvrsIZ6o0MN07cKEBg=",
                    "requires": {
                        "esprima": "^2.7.1",
                        "estraverse": "^1.9.1",
                        "esutils": "^2.0.2",
                        "optionator": "^0.8.1",
                        "source-map": "~0.2.0"
                    },
                    "dependencies": {
                        "esprima": {
                            "version": "2.7.3",
                            "resolved": "https://registry.npmjs.org/esprima/-/esprima-2.7.3.tgz",
                            "integrity": "sha1-luO3DVd59q1JzQMmc9HDEnZ7pYE="
                        }
                    }
                },
                "estraverse": {
                    "version": "1.9.3",
                    "resolved": "https://registry.npmjs.org/estraverse/-/estraverse-1.9.3.tgz",
                    "integrity": "sha1-r2fy3JIlgkFZUJJgkaQAXSnJu0Q="
                },
                "fs-extra": {
                    "version": "2.0.0",
                    "resolved": "https://registry.npmjs.org/fs-extra/-/fs-extra-2.0.0.tgz",
                    "integrity": "sha1-M3NSve1KC3FPPrhN6M6nZenTdgA=",
                    "requires": {
                        "graceful-fs": "^4.1.2",
                        "jsonfile": "^2.1.0"
                    }
                },
                "glob": {
                    "version": "7.1.2",
                    "resolved": "https://registry.npmjs.org/glob/-/glob-7.1.2.tgz",
                    "integrity": "sha512-MJTUg1kjuLeQCJ+ccE4Vpa6kKVXkPYJ2mOCQyUuKLcLQsdrMCpBPUi8qVE6+YuaJkozeA9NusTAw3hLr8Xe5EQ==",
                    "requires": {
                        "fs.realpath": "^1.0.0",
                        "inflight": "^1.0.4",
                        "inherits": "2",
                        "minimatch": "^3.0.4",
                        "once": "^1.3.0",
                        "path-is-absolute": "^1.0.0"
                    }
                },
                "i": {
                    "version": "0.3.5",
                    "resolved": "https://registry.npmjs.org/i/-/i-0.3.5.tgz",
                    "integrity": "sha1-HSuFQVjsgWkRPGy39raAHpniEdU="
                },
                "jsonfile": {
                    "version": "2.4.0",
                    "resolved": "https://registry.npmjs.org/jsonfile/-/jsonfile-2.4.0.tgz",
                    "integrity": "sha1-NzaitCi4e72gzIO1P6PWM6NcKug=",
                    "requires": {
                        "graceful-fs": "^4.1.6"
                    }
                },
                "promise": {
                    "version": "7.1.1",
                    "resolved": "https://registry.npmjs.org/promise/-/promise-7.1.1.tgz",
                    "integrity": "sha1-SJZUxpJha4qlWwck+oCbt9tJxb8=",
                    "requires": {
                        "asap": "~2.0.3"
                    }
                },
                "source-map": {
                    "version": "0.2.0",
                    "resolved": "https://registry.npmjs.org/source-map/-/source-map-0.2.0.tgz",
                    "integrity": "sha1-2rc/vPwrqBm03gO9b26qSBZLP50=",
                    "optional": true,
                    "requires": {
                        "amdefine": ">=0.0.4"
                    }
                },
                "wizzi-utils": {
                    "version": "0.6.10",
                    "resolved": "https://registry.npmjs.org/wizzi-utils/-/wizzi-utils-0.6.10.tgz",
                    "integrity": "sha512-8NobZ3uVoA5NU6UF4fdM7yRMixFPtypbul5HEi85W3+2SsUh6KUchNKAJIfpxScfmp5Jzhx9iLpdNoUOm1WAjw==",
                    "requires": {
                        "async": "^2.1.5",
                        "chalk": "^1.1.3",
                        "extsprintf": "^1.2.0",
                        "fs-extra": "^7.0.1",
                        "glob": "^7.1.2",
                        "graceful-fs": "^4.1.11",
                        "hashids": "^1.2.2",
                        "i": "^0.3.5",
                        "iconv-lite": "^0.4.15",
                        "isomorphic-git": "^0.51.12",
                        "json-stringify-safe": "^5.0.1",
                        "lodash": "^4.17.4",
                        "promise": "^7.1.1",
                        "randomstring": "^1.1.5"
                    },
                    "dependencies": {
                        "fs-extra": {
                            "version": "7.0.1",
                            "resolved": "https://registry.npmjs.org/fs-extra/-/fs-extra-7.0.1.tgz",
                            "integrity": "sha512-YJDaCJZEnBmcbw13fvdAM9AwNOJwOzrE4pqMqBq5nFiEqXUqHwlK4B+3pUw6JNvfSPtX05xFHtYy/1ni01eGCw==",
                            "requires": {
                                "graceful-fs": "^4.1.2",
                                "jsonfile": "^4.0.0",
                                "universalify": "^0.1.0"
                            }
                        },
                        "jsonfile": {
                            "version": "4.0.0",
                            "resolved": "https://registry.npmjs.org/jsonfile/-/jsonfile-4.0.0.tgz",
                            "integrity": "sha1-h3Gq4HmbZAdrdmQPygWPnBDjPss=",
                            "requires": {
                                "graceful-fs": "^4.1.6"
                            }
                        }
                    }
                }
            }
        },
        "wizzi-utils": {
            "version": "0.6.10",
            "resolved": "https://registry.npmjs.org/wizzi-utils/-/wizzi-utils-0.6.10.tgz",
            "integrity": "sha512-8NobZ3uVoA5NU6UF4fdM7yRMixFPtypbul5HEi85W3+2SsUh6KUchNKAJIfpxScfmp5Jzhx9iLpdNoUOm1WAjw==",
            "requires": {
                "async": "^2.1.5",
                "chalk": "^1.1.3",
                "extsprintf": "^1.2.0",
                "fs-extra": "^7.0.1",
                "glob": "^7.1.2",
                "graceful-fs": "^4.1.11",
                "hashids": "^1.2.2",
                "i": "^0.3.5",
                "iconv-lite": "^0.4.15",
                "isomorphic-git": "^0.51.12",
                "json-stringify-safe": "^5.0.1",
                "lodash": "^4.17.4",
                "promise": "^7.1.1",
                "randomstring": "^1.1.5"
            }
        },
        "wizzi-web": {
            "version": "0.6.10",
            "resolved": "https://registry.npmjs.org/wizzi-web/-/wizzi-web-0.6.10.tgz",
            "integrity": "sha512-1mN1dzJ8kYwvilLWnBa6ouHwIWoGojyWa8pWXOiJQBIw/Bm1zDPsQFEAKKOCDr3WjAqvTDgcMOW13/TICaW4EA==",
            "requires": {
                "async": "^2.1.5",
                "chalk": "^1.1.3",
                "i": "^0.3.5",
                "iconv-lite": "^0.4.15",
                "json-stringify-safe": "^5.0.1",
                "lodash": "^4.17.4",
                "wizzi-mtree": "^0.6.8",
                "wizzi-utils": "^0.6.10"
            },
            "dependencies": {
                "wizzi-mtree": {
                    "version": "0.6.8",
                    "resolved": "https://registry.npmjs.org/wizzi-mtree/-/wizzi-mtree-0.6.8.tgz",
                    "integrity": "sha512-oiFtY5LqRlphRVp72zOliwnaimQibmtuLNhi8V+GHVfcDBkblaLR6kS3bVdZT+TCvrOCSSWSjpZF7x44gBzFqw==",
                    "requires": {
                        "async": "^2.1.5",
                        "chalk": "^1.1.3",
                        "escodegen": "^1.8.1",
                        "esprima": "^3.1.3",
                        "glob": "^7.1.2",
                        "i": "^0.3.5",
                        "iconv-lite": "^0.4.15",
                        "json-stringify-safe": "^5.0.1",
                        "lodash": "^4.17.4",
                        "promise": "^7.1.1",
                        "wizzi-utils": "^0.6.10"
                    }
                },
                "wizzi-utils": {
                    "version": "0.6.10",
                    "resolved": "https://registry.npmjs.org/wizzi-utils/-/wizzi-utils-0.6.10.tgz",
                    "integrity": "sha512-8NobZ3uVoA5NU6UF4fdM7yRMixFPtypbul5HEi85W3+2SsUh6KUchNKAJIfpxScfmp5Jzhx9iLpdNoUOm1WAjw==",
                    "requires": {
                        "async": "^2.1.5",
                        "chalk": "^1.1.3",
                        "extsprintf": "^1.2.0",
                        "fs-extra": "^7.0.1",
                        "glob": "^7.1.2",
                        "graceful-fs": "^4.1.11",
                        "hashids": "^1.2.2",
                        "i": "^0.3.5",
                        "iconv-lite": "^0.4.15",
                        "isomorphic-git": "^0.51.12",
                        "json-stringify-safe": "^5.0.1",
                        "lodash": "^4.17.4",
                        "promise": "^7.1.1",
                        "randomstring": "^1.1.5"
                    }
                }
            }
        },
        "wordwrap": {
            "version": "1.0.0",
            "resolved": "https://registry.npmjs.org/wordwrap/-/wordwrap-1.0.0.tgz",
            "integrity": "sha1-J1hIEIkUVqQXHI0CJkQa3pDLyus="
        },
        "wrappy": {
            "version": "1.0.2",
            "resolved": "https://registry.npmjs.org/wrappy/-/wrappy-1.0.2.tgz",
            "integrity": "sha1-tSQ9jz7BqjXxNkYFvA0QNuMKtp8="
        }
    }
}
